
Microsoft Visual Studio Solution File, Format Version 12.00
# Visual Studio Version 17
VisualStudioVersion = 17.0.32014.148
MinimumVisualStudioVersion = 10.0.40219.1
Project("{9A19103F-16F7-4668-BE54-9A1E7A4F7556}") = "ScriptEx.Core", "ScriptEx.Core\ScriptEx.Core.csproj", "{F2E471A3-294E-48CC-BA73-7FDB6B2765BB}"
EndProject
Project("{9A19103F-16F7-4668-BE54-9A1E7A4F7556}") = "ScriptEx.Shared", "ScriptEx.Shared\ScriptEx.Shared.csproj", "{9C70A3AC-7611-4229-A8F8-69978A4BF8C2}"
EndProject
Project("{2150E333-8FDC-42A3-9474-1A3956D46DE8}") = "Solution Items", "Solution Items", "{1C6760DD-D231-4B61-8D13-AEAAA3E9A6EE}"
	ProjectSection(SolutionItems) = preProject
		Directory.Build.props = Directory.Build.props
	EndProjectSection
EndProject
Global
	GlobalSection(SolutionConfigurationPlatforms) = preSolution
		Debug|Any CPU = Debug|Any CPU
		Release|Any CPU = Release|Any CPU
	EndGlobalSection
	GlobalSection(ProjectConfigurationPlatforms) = postSolution
		{F2E471A3-294E-48CC-BA73-7FDB6B2765BB}.Debug|Any CPU.ActiveCfg = Debug|Any CPU
		{F2E471A3-294E-48CC-BA73-7FDB6B2765BB}.Debug|Any CPU.Build.0 = Debug|Any CPU
		{F2E471A3-294E-48CC-BA73-7FDB6B2765BB}.Release|Any CPU.ActiveCfg = Release|Any CPU
		{F2E471A3-294E-48CC-BA73-7FDB6B2765BB}.Release|Any CPU.Build.0 = Release|Any CPU
		{9C70A3AC-7611-4229-A8F8-69978A4BF8C2}.Debug|Any CPU.ActiveCfg = Debug|Any CPU
		{9C70A3AC-7611-4229-A8F8-69978A4BF8C2}.Debug|Any CPU.Build.0 = Debug|Any CPU
		{9C70A3AC-7611-4229-A8F8-69978A4BF8C2}.Release|Any CPU.ActiveCfg = Release|Any CPU
		{9C70A3AC-7611-4229-A8F8-69978A4BF8C2}.Release|Any CPU.Build.0 = Release|Any CPU
	EndGlobalSection
	GlobalSection(SolutionProperties) = preSolution
		HideSolutionNode = FALSE
	EndGlobalSection
	GlobalSection(ExtensibilityGlobals) = postSolution
		SolutionGuid = {15BCAD5A-F211-471F-9608-4BF0A63679DE}
	EndGlobalSection
EndGlobal
